lockfileVersion: 5.4

specifiers:
  '@types/node': ^17.0.43
  typescript: ^4.7.3

dependencies:
  '@types/node': 17.0.43
  typescript: 4.7.3

packages:

  /@types/node/17.0.43:
    resolution: {integrity: sha512-jnUpgw8fL9kP2iszfIDyBQtw5Mf4/XSqy0Loc1J9pI14ejL83XcCEvSf50Gs/4ET0I9VCCDoOfufQysj0S66xA==}
    dev: false

  /typescript/4.7.3:
    resolution: {integrity: sha512-WOkT3XYvrpXx4vMMqlD+8R8R37fZkjyLGlxavMc4iB8lrl8L0DeTcHbYgw/v0N/z9wAFsgBhcsF0ruoySS22mA==}
    engines: {node: '>=4.2.0'}
    hasBin: true
    dev: false
